
Microsoft Visual Studio Solution File, Format Version 12.00
# Visual Studio Version 16
VisualStudioVersion = 16.0.30804.86
MinimumVisualStudioVersion = 10.0.40219.1
Project("{2150E333-8FDC-42A3-9474-1A3956D46DE8}") = "Shared Kernel", "Shared Kernel", "{06E17EBC-5ACA-466E-AB19-978542E36D42}"
EndProject
Project("{FAE04EC0-301F-11D3-BF4B-00C04F79EFBC}") = "DDD.SharedKernel", "DDD.SharedKernel\DDD.SharedKernel.csproj", "{A49AD634-82CA-42B8-931A-FBE896FBE1DB}"
EndProject
Global
	GlobalSection(SolutionConfigurationPlatforms) = preSolution
		Debug|Any CPU = Debug|Any CPU
		Release|Any CPU = Release|Any CPU
	EndGlobalSection
	GlobalSection(ProjectConfigurationPlatforms) = postSolution
		{A49AD634-82CA-42B8-931A-FBE896FBE1DB}.Debug|Any CPU.ActiveCfg = Debug|Any CPU
		{A49AD634-82CA-42B8-931A-FBE896FBE1DB}.Debug|Any CPU.Build.0 = Debug|Any CPU
		{A49AD634-82CA-42B8-931A-FBE896FBE1DB}.Release|Any CPU.ActiveCfg = Release|Any CPU
		{A49AD634-82CA-42B8-931A-FBE896FBE1DB}.Release|Any CPU.Build.0 = Release|Any CPU
	EndGlobalSection
	GlobalSection(SolutionProperties) = preSolution
		HideSolutionNode = FALSE
	EndGlobalSection
	GlobalSection(NestedProjects) = preSolution
		{A49AD634-82CA-42B8-931A-FBE896FBE1DB} = {06E17EBC-5ACA-466E-AB19-978542E36D42}
	EndGlobalSection
	GlobalSection(ExtensibilityGlobals) = postSolution
		SolutionGuid = {C8DA860A-FEE3-4914-9B9A-C0FE15AEFCAB}
	EndGlobalSection
EndGlobal
